{
  "name": "tts-ws",
  "version": "1.0.0",
  "lockfileVersion": 2,
  "requires": true,
  "packages": {
    "": {
      "name": "tts-ws",
      "version": "1.0.0",
      "license": "ISC",
      "dependencies": {
        "crypto-js": "^3.3.0",
        "log4node": "^0.1.6",
        "ws": "^7.1.2"
      }
    },
    "node_modules/crypto-js": {
      "version": "3.3.0",
      "resolved": "https://registry.nlark.com/crypto-js/download/crypto-js-3.3.0.tgz?cache=0&sync_timestamp=1626954954639&other_urls=https%3A%2F%2Fregistry.nlark.com%2Fcrypto-js%2Fdownload%2Fcrypto-js-3.3.0.tgz",
      "integrity": "sha1-hG3RzOL2iqz6FWyFePkmpgm3l2s="
    },
    "node_modules/log4node": {
      "version": "0.1.6",
      "resolved": "https://registry.npmmirror.com/log4node/download/log4node-0.1.6.tgz",
      "integrity": "sha1-N+MY8aeIv9PtBsRcJMHNWfI3SiM=",
      "engines": {
        "node": ">= 0.8.0"
      }
    },
    "node_modules/ws": {
      "version": "7.5.5",
      "resolved": "https://registry.npmmirror.com/ws/download/ws-7.5.5.tgz",
      "integrity": "sha1-i0vEr1GM+r0Ec65PmRRCh7M+uIE=",
      "engines": {
        "node": ">=8.3.0"
      },
      "peerDependencies": {
        "bufferutil": "^4.0.1",
        "utf-8-validate": "^5.0.2"
      },
      "peerDependenciesMeta": {
        "bufferutil": {
          "optional": true
        },
        "utf-8-validate": {
          "optional": true
        }
      }
    }
  },
  "dependencies": {
    "crypto-js": {
      "version": "3.3.0",
      "resolved": "https://registry.nlark.com/crypto-js/download/crypto-js-3.3.0.tgz?cache=0&sync_timestamp=1626954954639&other_urls=https%3A%2F%2Fregistry.nlark.com%2Fcrypto-js%2Fdownload%2Fcrypto-js-3.3.0.tgz",
      "integrity": "sha1-hG3RzOL2iqz6FWyFePkmpgm3l2s="
    },
    "log4node": {
      "version": "0.1.6",
      "resolved": "https://registry.npmmirror.com/log4node/download/log4node-0.1.6.tgz",
      "integrity": "sha1-N+MY8aeIv9PtBsRcJMHNWfI3SiM="
    },
    "ws": {
      "version": "7.5.5",
      "resolved": "https://registry.npmmirror.com/ws/download/ws-7.5.5.tgz",
      "integrity": "sha1-i0vEr1GM+r0Ec65PmRRCh7M+uIE=",
      "requires": {}
    }
  }
}
